
Microsoft Visual Studio Solution File, Format Version 12.00
# Visual Studio Version 17
VisualStudioVersion = 17.0.31903.59
MinimumVisualStudioVersion = 10.0.40219.1
Project("{2150E333-8FDC-42A3-9474-1A3956D46DE8}") = "FirstTask", "FirstTask", "{36D591C7-65C7-A0D1-1CBC-10CDE441BDC8}"
EndProject
Project("{FAE04EC0-301F-11D3-BF4B-00C04F79EFBC}") = "FirstTask", "FirstTask\FirstTask.csproj", "{E71818D3-C121-4254-B10A-1D4EC0122A0A}"
EndProject
Project("{FAE04EC0-301F-11D3-BF4B-00C04F79EFBC}") = "FirstTask.Tests", "FirstTask.Tests\FirstTask.Tests.csproj", "{AEB26654-1D81-468F-8D89-36F226F3629B}"
	ProjectSection(ProjectDependencies) = postProject
		{E71818D3-C121-4254-B10A-1D4EC0122A0A} = {E71818D3-C121-4254-B10A-1D4EC0122A0A}
	EndProjectSection
EndProject
Global
	GlobalSection(SolutionConfigurationPlatforms) = preSolution
		Debug|Any CPU = Debug|Any CPU
		Release|Any CPU = Release|Any CPU
	EndGlobalSection
	GlobalSection(ProjectConfigurationPlatforms) = postSolution
		{E71818D3-C121-4254-B10A-1D4EC0122A0A}.Debug|Any CPU.ActiveCfg = Debug|Any CPU
		{E71818D3-C121-4254-B10A-1D4EC0122A0A}.Debug|Any CPU.Build.0 = Debug|Any CPU
		{E71818D3-C121-4254-B10A-1D4EC0122A0A}.Release|Any CPU.ActiveCfg = Release|Any CPU
		{E71818D3-C121-4254-B10A-1D4EC0122A0A}.Release|Any CPU.Build.0 = Release|Any CPU
		{AEB26654-1D81-468F-8D89-36F226F3629B}.Debug|Any CPU.ActiveCfg = Debug|Any CPU
		{AEB26654-1D81-468F-8D89-36F226F3629B}.Debug|Any CPU.Build.0 = Debug|Any CPU
		{AEB26654-1D81-468F-8D89-36F226F3629B}.Release|Any CPU.ActiveCfg = Release|Any CPU
		{AEB26654-1D81-468F-8D89-36F226F3629B}.Release|Any CPU.Build.0 = Release|Any CPU
	EndGlobalSection
	GlobalSection(SolutionProperties) = preSolution
		HideSolutionNode = FALSE
	EndGlobalSection
	GlobalSection(NestedProjects) = preSolution
		{E71818D3-C121-4254-B10A-1D4EC0122A0A} = {36D591C7-65C7-A0D1-1CBC-10CDE441BDC8}
		{AEB26654-1D81-468F-8D89-36F226F3629B} = {36D591C7-65C7-A0D1-1CBC-10CDE441BDC8}
	EndGlobalSection
	GlobalSection(ExtensibilityGlobals) = postSolution
		SolutionGuid = {0F4C0DDB-8EBC-4BCB-9FF0-9F5514BA8163}
	EndGlobalSection
EndGlobal
